// !$*UTF8*$!
{
	archiveVersion = 1;
	classes = {
	};
	objectVersion = 56;
	objects = {

/* Begin PBXBuildFile section */
		57199D792B4F3CE600B90406 /* AppDelegate.swift in Sources */ = {isa = PBXBuildFile; fileRef = 57199D782B4F3CE600B90406 /* AppDelegate.swift */; };
		57199D7B2B4F3CE600B90406 /* SceneDelegate.swift in Sources */ = {isa = PBXBuildFile; fileRef = 57199D7A2B4F3CE600B90406 /* SceneDelegate.swift */; };
		57199D7D2B4F3CE600B90406 /* ViewController.swift in Sources */ = {isa = PBXBuildFile; fileRef = 57199D7C2B4F3CE600B90406 /* ViewController.swift */; };
		57199D802B4F3CE600B90406 /* Main.storyboard in Resources */ = {isa = PBXBuildFile; fileRef = 57199D7E2B4F3CE600B90406 /* Main.storyboard */; };
		57199D832B4F3CE600B90406 /* HandySwiftModelsAndData.xcdatamodeld in Sources */ = {isa = PBXBuildFile; fileRef = 57199D812B4F3CE600B90406 /* HandySwiftModelsAndData.xcdatamodeld */; };
		57199D852B4F3CE800B90406 /* Assets.xcassets in Resources */ = {isa = PBXBuildFile; fileRef = 57199D842B4F3CE800B90406 /* Assets.xcassets */; };
		57199D882B4F3CE800B90406 /* LaunchScreen.storyboard in Resources */ = {isa = PBXBuildFile; fileRef = 57199D862B4F3CE800B90406 /* LaunchScreen.storyboard */; };
		57199D922B4F3D5200B90406 /* BrettButton.swift in Sources */ = {isa = PBXBuildFile; fileRef = 57199D912B4F3D5200B90406 /* BrettButton.swift */; };
		57199D952B4F3DC900B90406 /* CurrencyTextField.swift in Sources */ = {isa = PBXBuildFile; fileRef = 57199D942B4F3DC900B90406 /* CurrencyTextField.swift */; };
		57199D972B4F3E1B00B90406 /* PercentageTextField.swift in Sources */ = {isa = PBXBuildFile; fileRef = 57199D962B4F3E1B00B90406 /* PercentageTextField.swift */; };
		57199D992B4F3E6200B90406 /* PaddingLabel.swift in Sources */ = {isa = PBXBuildFile; fileRef = 57199D982B4F3E6200B90406 /* PaddingLabel.swift */; };
		57199D9B2B4F3E9500B90406 /* AddBorders.swift in Sources */ = {isa = PBXBuildFile; fileRef = 57199D9A2B4F3E9500B90406 /* AddBorders.swift */; };
		57199D9D2B4F3EED00B90406 /* PDFKitViewController.swift in Sources */ = {isa = PBXBuildFile; fileRef = 57199D9C2B4F3EED00B90406 /* PDFKitViewController.swift */; };
/* End PBXBuildFile section */

/* Begin PBXFileReference section */
		57199D752B4F3CE600B90406 /* HandySwiftModelsAndData.app */ = {isa = PBXFileReference; explicitFileType = wrapper.application; includeInIndex = 0; path = HandySwiftModelsAndData.app; sourceTree = BUILT_PRODUCTS_DIR; };
		57199D782B4F3CE600B90406 /* AppDelegate.swift */ = {isa = PBXFileReference; lastKnownFileType = sourcecode.swift; path = AppDelegate.swift; sourceTree = "<group>"; };
		57199D7A2B4F3CE600B90406 /* SceneDelegate.swift */ = {isa = PBXFileReference; lastKnownFileType = sourcecode.swift; path = SceneDelegate.swift; sourceTree = "<group>"; };
		57199D7C2B4F3CE600B90406 /* ViewController.swift */ = {isa = PBXFileReference; lastKnownFileType = sourcecode.swift; path = ViewController.swift; sourceTree = "<group>"; };
		57199D7F2B4F3CE600B90406 /* Base */ = {isa = PBXFileReference; lastKnownFileType = file.storyboard; name = Base; path = Base.lproj/Main.storyboard; sourceTree = "<group>"; };
		57199D822B4F3CE600B90406 /* HandySwiftModelsAndData.xcdatamodel */ = {isa = PBXFileReference; lastKnownFileType = wrapper.xcdatamodel; path = HandySwiftModelsAndData.xcdatamodel; sourceTree = "<group>"; };
		57199D842B4F3CE800B90406 /* Assets.xcassets */ = {isa = PBXFileReference; lastKnownFileType = folder.assetcatalog; path = Assets.xcassets; sourceTree = "<group>"; };
		57199D872B4F3CE800B90406 /* Base */ = {isa = PBXFileReference; lastKnownFileType = file.storyboard; name = Base; path = Base.lproj/LaunchScreen.storyboard; sourceTree = "<group>"; };
		57199D892B4F3CE800B90406 /* Info.plist */ = {isa = PBXFileReference; lastKnownFileType = text.plist.xml; path = Info.plist; sourceTree = "<group>"; };
		57199D912B4F3D5200B90406 /* BrettButton.swift */ = {isa = PBXFileReference; lastKnownFileType = sourcecode.swift; path = BrettButton.swift; sourceTree = "<group>"; };
		57199D942B4F3DC900B90406 /* CurrencyTextField.swift */ = {isa = PBXFileReference; lastKnownFileType = sourcecode.swift; path = CurrencyTextField.swift; sourceTree = "<group>"; };
		57199D962B4F3E1B00B90406 /* PercentageTextField.swift */ = {isa = PBXFileReference; lastKnownFileType = sourcecode.swift; path = PercentageTextField.swift; sourceTree = "<group>"; };
		57199D982B4F3E6200B90406 /* PaddingLabel.swift */ = {isa = PBXFileReference; lastKnownFileType = sourcecode.swift; path = PaddingLabel.swift; sourceTree = "<group>"; };
		57199D9A2B4F3E9500B90406 /* AddBorders.swift */ = {isa = PBXFileReference; lastKnownFileType = sourcecode.swift; path = AddBorders.swift; sourceTree = "<group>"; };
		57199D9C2B4F3EED00B90406 /* PDFKitViewController.swift */ = {isa = PBXFileReference; lastKnownFileType = sourcecode.swift; path = PDFKitViewController.swift; sourceTree = "<group>"; };
/* End PBXFileReference section */

/* Begin PBXFrameworksBuildPhase section */
		57199D722B4F3CE600B90406 /* Frameworks */ = {
			isa = PBXFrameworksBuildPhase;
			buildActionMask = 2147483647;
			files = (
			);
			runOnlyForDeploymentPostprocessing = 0;
		};
/* End PBXFrameworksBuildPhase section */

/* Begin PBXGroup section */
		57199D6C2B4F3CE600B90406 = {
			isa = PBXGroup;
			children = (
				57199D772B4F3CE600B90406 /* HandySwiftModelsAndData */,
				57199D762B4F3CE600B90406 /* Products */,
			);
			sourceTree = "<group>";
		};
		57199D762B4F3CE600B90406 /* Products */ = {
			isa = PBXGroup;
			children = (
				57199D752B4F3CE600B90406 /* HandySwiftModelsAndData.app */,
			);
			name = Products;
			sourceTree = "<group>";
		};
		57199D772B4F3CE600B90406 /* HandySwiftModelsAndData */ = {
			isa = PBXGroup;
			children = (
				57199D782B4F3CE600B90406 /* AppDelegate.swift */,
				57199D7A2B4F3CE600B90406 /* SceneDelegate.swift */,
				57199D932B4F3D5B00B90406 /* Models */,
				57199D8F2B4F3D1500B90406 /* Views */,
				57199D902B4F3D2500B90406 /* Controllers */,
				57199D842B4F3CE800B90406 /* Assets.xcassets */,
				57199D862B4F3CE800B90406 /* LaunchScreen.storyboard */,
				57199D892B4F3CE800B90406 /* Info.plist */,
				57199D812B4F3CE600B90406 /* HandySwiftModelsAndData.xcdatamodeld */,
			);
			path = HandySwiftModelsAndData;
			sourceTree = "<group>";
		};
		57199D8F2B4F3D1500B90406 /* Views */ = {
			isa = PBXGroup;
			children = (
				57199D7E2B4F3CE600B90406 /* Main.storyboard */,
			);
			path = Views;
			sourceTree = "<group>";
		};
		57199D902B4F3D2500B90406 /* Controllers */ = {
			isa = PBXGroup;
			children = (
				57199D7C2B4F3CE600B90406 /* ViewController.swift */,
				57199D9C2B4F3EED00B90406 /* PDFKitViewController.swift */,
			);
			path = Controllers;
			sourceTree = "<group>";
		};
		57199D932B4F3D5B00B90406 /* Models */ = {
			isa = PBXGroup;
			children = (
				57199D9A2B4F3E9500B90406 /* AddBorders.swift */,
				57199D912B4F3D5200B90406 /* BrettButton.swift */,
				57199D942B4F3DC900B90406 /* CurrencyTextField.swift */,
				57199D982B4F3E6200B90406 /* PaddingLabel.swift */,
				57199D962B4F3E1B00B90406 /* PercentageTextField.swift */,
			);
			path = Models;
			sourceTree = "<group>";
		};
/* End PBXGroup section */

/* Begin PBXNativeTarget section */
		57199D742B4F3CE600B90406 /* HandySwiftModelsAndData */ = {
			isa = PBXNativeTarget;
			buildConfigurationList = 57199D8C2B4F3CE800B90406 /* Build configuration list for PBXNativeTarget "HandySwiftModelsAndData" */;
			buildPhases = (
				57199D712B4F3CE600B90406 /* Sources */,
				57199D722B4F3CE600B90406 /* Frameworks */,
				57199D732B4F3CE600B90406 /* Resources */,
			);
			buildRules = (
			);
			dependencies = (
			);
			name = HandySwiftModelsAndData;
			productName = HandySwiftModelsAndData;
			productReference = 57199D752B4F3CE600B90406 /* HandySwiftModelsAndData.app */;
			productType = "com.apple.product-type.application";
		};
/* End PBXNativeTarget section */

/* Begin PBXProject section */
		57199D6D2B4F3CE600B90406 /* Project object */ = {
			isa = PBXProject;
			attributes = {
				BuildIndependentTargetsInParallel = 1;
				LastSwiftUpdateCheck = 1520;
				LastUpgradeCheck = 1520;
				TargetAttributes = {
					57199D742B4F3CE600B90406 = {
						CreatedOnToolsVersion = 15.2;
					};
				};
			};
			buildConfigurationList = 57199D702B4F3CE600B90406 /* Build configuration list for PBXProject "HandySwiftModelsAndData" */;
			compatibilityVersion = "Xcode 14.0";
			developmentRegion = en;
			hasScannedForEncodings = 0;
			knownRegions = (
				en,
				Base,
			);
			mainGroup = 57199D6C2B4F3CE600B90406;
			productRefGroup = 57199D762B4F3CE600B90406 /* Products */;
			projectDirPath = "";
			projectRoot = "";
			targets = (
				57199D742B4F3CE600B90406 /* HandySwiftModelsAndData */,
			);
		};
/* End PBXProject section */

/* Begin PBXResourcesBuildPhase section */
		57199D732B4F3CE600B90406 /* Resources */ = {
			isa = PBXResourcesBuildPhase;
			buildActionMask = 2147483647;
			files = (
				57199D882B4F3CE800B90406 /* LaunchScreen.storyboard in Resources */,
				57199D852B4F3CE800B90406 /* Assets.xcassets in Resources */,
				57199D802B4F3CE600B90406 /* Main.storyboard in Resources */,
			);
			runOnlyForDeploymentPostprocessing = 0;
		};
/* End PBXResourcesBuildPhase section */

/* Begin PBXSourcesBuildPhase section */
		57199D712B4F3CE600B90406 /* Sources */ = {
			isa = PBXSourcesBuildPhase;
			buildActionMask = 2147483647;
			files = (
				57199D9B2B4F3E9500B90406 /* AddBorders.swift in Sources */,
				57199D952B4F3DC900B90406 /* CurrencyTextField.swift in Sources */,
				57199D9D2B4F3EED00B90406 /* PDFKitViewController.swift in Sources */,
				57199D7D2B4F3CE600B90406 /* ViewController.swift in Sources */,
				57199D972B4F3E1B00B90406 /* PercentageTextField.swift in Sources */,
				57199D792B4F3CE600B90406 /* AppDelegate.swift in Sources */,
				57199D992B4F3E6200B90406 /* PaddingLabel.swift in Sources */,
				57199D832B4F3CE600B90406 /* HandySwiftModelsAndData.xcdatamodeld in Sources */,
				57199D922B4F3D5200B90406 /* BrettButton.swift in Sources */,
				57199D7B2B4F3CE600B90406 /* SceneDelegate.swift in Sources */,
			);
			runOnlyForDeploymentPostprocessing = 0;
		};
/* End PBXSourcesBuildPhase section */

/* Begin PBXVariantGroup section */
		57199D7E2B4F3CE600B90406 /* Main.storyboard */ = {
			isa = PBXVariantGroup;
			children = (
				57199D7F2B4F3CE600B90406 /* Base */,
			);
			name = Main.storyboard;
			sourceTree = "<group>";
		};
		57199D862B4F3CE800B90406 /* LaunchScreen.storyboard */ = {
			isa = PBXVariantGroup;
			children = (
				57199D872B4F3CE800B90406 /* Base */,
			);
			name = LaunchScreen.storyboard;
			sourceTree = "<group>";
		};
/* End PBXVariantGroup section */

/* Begin XCBuildConfiguration section */
		57199D8A2B4F3CE800B90406 /* Debug */ = {
			isa = XCBuildConfiguration;
			buildSettings = {
				ALWAYS_SEARCH_USER_PATHS = NO;
				ASSETCATALOG_COMPILER_GENERATE_SWIFT_ASSET_SYMBOL_EXTENSIONS = YES;
				CLANG_ANALYZER_NONNULL = YES;
				CLANG_ANALYZER_NUMBER_OBJECT_CONVERSION = YES_AGGRESSIVE;
				CLANG_CXX_LANGUAGE_STANDARD = "gnu++20";
				CLANG_ENABLE_MODULES = YES;
				CLANG_ENABLE_OBJC_ARC = YES;
				CLANG_ENABLE_OBJC_WEAK = YES;
				CLANG_WARN_BLOCK_CAPTURE_AUTORELEASING = YES;
				CLANG_WARN_BOOL_CONVERSION = YES;
				CLANG_WARN_COMMA = YES;
				CLANG_WARN_CONSTANT_CONVERSION = YES;
				CLANG_WARN_DEPRECATED_OBJC_IMPLEMENTATIONS = YES;
				CLANG_WARN_DIRECT_OBJC_ISA_USAGE = YES_ERROR;
				CLANG_WARN_DOCUMENTATION_COMMENTS = YES;
				CLANG_WARN_EMPTY_BODY = YES;
				CLANG_WARN_ENUM_CONVERSION = YES;
				CLANG_WARN_INFINITE_RECURSION = YES;
				CLANG_WARN_INT_CONVERSION = YES;
				CLANG_WARN_NON_LITERAL_NULL_CONVERSION = YES;
				CLANG_WARN_OBJC_IMPLICIT_RETAIN_SELF = YES;
				CLANG_WARN_OBJC_LITERAL_CONVERSION = YES;
				CLANG_WARN_OBJC_ROOT_CLASS = YES_ERROR;
				CLANG_WARN_QUOTED_INCLUDE_IN_FRAMEWORK_HEADER = YES;
				CLANG_WARN_RANGE_LOOP_ANALYSIS = YES;
				CLANG_WARN_STRICT_PROTOTYPES = YES;
				CLANG_WARN_SUSPICIOUS_MOVE = YES;
				CLANG_WARN_UNGUARDED_AVAILABILITY = YES_AGGRESSIVE;
				CLANG_WARN_UNREACHABLE_CODE = YES;
				CLANG_WARN__DUPLICATE_METHOD_MATCH = YES;
				COPY_PHASE_STRIP = NO;
				DEBUG_INFORMATION_FORMAT = dwarf;
				ENABLE_STRICT_OBJC_MSGSEND = YES;
				ENABLE_TESTABILITY = YES;
				ENABLE_USER_SCRIPT_SANDBOXING = YES;
				GCC_C_LANGUAGE_STANDARD = gnu17;
				GCC_DYNAMIC_NO_PIC = NO;
				GCC_NO_COMMON_BLOCKS = YES;
				GCC_OPTIMIZATION_LEVEL = 0;
				GCC_PREPROCESSOR_DEFINITIONS = (
					"DEBUG=1",
					"$(inherited)",
				);
				GCC_WARN_64_TO_32_BIT_CONVERSION = YES;
				GCC_WARN_ABOUT_RETURN_TYPE = YES_ERROR;
				GCC_WARN_UNDECLARED_SELECTOR = YES;
				GCC_WARN_UNINITIALIZED_AUTOS = YES_AGGRESSIVE;
				GCC_WARN_UNUSED_FUNCTION = YES;
				GCC_WARN_UNUSED_VARIABLE = YES;
				IPHONEOS_DEPLOYMENT_TARGET = 17.2;
				LOCALIZATION_PREFERS_STRING_CATALOGS = YES;
				MTL_ENABLE_DEBUG_INFO = INCLUDE_SOURCE;
				MTL_FAST_MATH = YES;
				ONLY_ACTIVE_ARCH = YES;
				SDKROOT = iphoneos;
				SWIFT_ACTIVE_COMPILATION_CONDITIONS = "DEBUG $(inherited)";
				SWIFT_OPTIMIZATION_LEVEL = "-Onone";
			};
			name = Debug;
		};
		57199D8B2B4F3CE800B90406 /* Release */ = {
			isa = XCBuildConfiguration;
			buildSettings = {
				ALWAYS_SEARCH_USER_PATHS = NO;
				ASSETCATALOG_COMPILER_GENERATE_SWIFT_ASSET_SYMBOL_EXTENSIONS = YES;
				CLANG_ANALYZER_NONNULL = YES;
				CLANG_ANALYZER_NUMBER_OBJECT_CONVERSION = YES_AGGRESSIVE;
				CLANG_CXX_LANGUAGE_STANDARD = "gnu++20";
				CLANG_ENABLE_MODULES = YES;
				CLANG_ENABLE_OBJC_ARC = YES;
				CLANG_ENABLE_OBJC_WEAK = YES;
				CLANG_WARN_BLOCK_CAPTURE_AUTORELEASING = YES;
				CLANG_WARN_BOOL_CONVERSION = YES;
				CLANG_WARN_COMMA = YES;
				CLANG_WARN_CONSTANT_CONVERSION = YES;
				CLANG_WARN_DEPRECATED_OBJC_IMPLEMENTATIONS = YES;
				CLANG_WARN_DIRECT_OBJC_ISA_USAGE = YES_ERROR;
				CLANG_WARN_DOCUMENTATION_COMMENTS = YES;
				CLANG_WARN_EMPTY_BODY = YES;
				CLANG_WARN_ENUM_CONVERSION = YES;
				CLANG_WARN_INFINITE_RECURSION = YES;
				CLANG_WARN_INT_CONVERSION = YES;
				CLANG_WARN_NON_LITERAL_NULL_CONVERSION = YES;
				CLANG_WARN_OBJC_IMPLICIT_RETAIN_SELF = YES;
				CLANG_WARN_OBJC_LITERAL_CONVERSION = YES;
				CLANG_WARN_OBJC_ROOT_CLASS = YES_ERROR;
				CLANG_WARN_QUOTED_INCLUDE_IN_FRAMEWORK_HEADER = YES;
				CLANG_WARN_RANGE_LOOP_ANALYSIS = YES;
				CLANG_WARN_STRICT_PROTOTYPES = YES;
				CLANG_WARN_SUSPICIOUS_MOVE = YES;
				CLANG_WARN_UNGUARDED_AVAILABILITY = YES_AGGRESSIVE;
				CLANG_WARN_UNREACHABLE_CODE = YES;
				CLANG_WARN__DUPLICATE_METHOD_MATCH = YES;
				COPY_PHASE_STRIP = NO;
				DEBUG_INFORMATION_FORMAT = "dwarf-with-dsym";
				ENABLE_NS_ASSERTIONS = NO;
				ENABLE_STRICT_OBJC_MSGSEND = YES;
				ENABLE_USER_SCRIPT_SANDBOXING = YES;
				GCC_C_LANGUAGE_STANDARD = gnu17;
				GCC_NO_COMMON_BLOCKS = YES;
				GCC_WARN_64_TO_32_BIT_CONVERSION = YES;
				GCC_WARN_ABOUT_RETURN_TYPE = YES_ERROR;
				GCC_WARN_UNDECLARED_SELECTOR = YES;
				GCC_WARN_UNINITIALIZED_AUTOS = YES_AGGRESSIVE;
				GCC_WARN_UNUSED_FUNCTION = YES;
				GCC_WARN_UNUSED_VARIABLE = YES;
				IPHONEOS_DEPLOYMENT_TARGET = 17.2;
				LOCALIZATION_PREFERS_STRING_CATALOGS = YES;
				MTL_ENABLE_DEBUG_INFO = NO;
				MTL_FAST_MATH = YES;
				SDKROOT = iphoneos;
				SWIFT_COMPILATION_MODE = wholemodule;
				VALIDATE_PRODUCT = YES;
			};
			name = Release;
		};
		57199D8D2B4F3CE800B90406 /* Debug */ = {
			isa = XCBuildConfiguration;
			buildSettings = {
				ASSETCATALOG_COMPILER_APPICON_NAME = AppIcon;
				ASSETCATALOG_COMPILER_GLOBAL_ACCENT_COLOR_NAME = AccentColor;
				CODE_SIGN_STYLE = Automatic;
				CURRENT_PROJECT_VERSION = 1;
				DEVELOPMENT_TEAM = P27MXGG7KT;
				GENERATE_INFOPLIST_FILE = YES;
				INFOPLIST_FILE = HandySwiftModelsAndData/Info.plist;
				INFOPLIST_KEY_UIApplicationSupportsIndirectInputEvents = YES;
				INFOPLIST_KEY_UILaunchStoryboardName = LaunchScreen;
				INFOPLIST_KEY_UIMainStoryboardFile = Main;
				INFOPLIST_KEY_UISupportedInterfaceOrientations_iPad = "UIInterfaceOrientationPortrait UIInterfaceOrientationPortraitUpsideDown UIInterfaceOrientationLandscapeLeft UIInterfaceOrientationLandscapeRight";
				INFOPLIST_KEY_UISupportedInterfaceOrientations_iPhone = "UIInterfaceOrientationPortrait UIInterfaceOrientationLandscapeLeft UIInterfaceOrientationLandscapeRight";
				LD_RUNPATH_SEARCH_PATHS = (
					"$(inherited)",
					"@executable_path/Frameworks",
				);
				MARKETING_VERSION = 1.0;
				PRODUCT_BUNDLE_IDENTIFIER = com.BrettB.HandySwiftModelsAndData;
				PRODUCT_NAME = "$(TARGET_NAME)";
				SWIFT_EMIT_LOC_STRINGS = YES;
				SWIFT_VERSION = 5.0;
				TARGETED_DEVICE_FAMILY = "1,2";
			};
			name = Debug;
		};
		57199D8E2B4F3CE800B90406 /* Release */ = {
			isa = XCBuildConfiguration;
			buildSettings = {
				ASSETCATALOG_COMPILER_APPICON_NAME = AppIcon;
				ASSETCATALOG_COMPILER_GLOBAL_ACCENT_COLOR_NAME = AccentColor;
				CODE_SIGN_STYLE = Automatic;
				CURRENT_PROJECT_VERSION = 1;
				DEVELOPMENT_TEAM = P27MXGG7KT;
				GENERATE_INFOPLIST_FILE = YES;
				INFOPLIST_FILE = HandySwiftModelsAndData/Info.plist;
				INFOPLIST_KEY_UIApplicationSupportsIndirectInputEvents = YES;
				INFOPLIST_KEY_UILaunchStoryboardName = LaunchScreen;
				INFOPLIST_KEY_UIMainStoryboardFile = Main;
				INFOPLIST_KEY_UISupportedInterfaceOrientations_iPad = "UIInterfaceOrientationPortrait UIInterfaceOrientationPortraitUpsideDown UIInterfaceOrientationLandscapeLeft UIInterfaceOrientationLandscapeRight";
				INFOPLIST_KEY_UISupportedInterfaceOrientations_iPhone = "UIInterfaceOrientationPortrait UIInterfaceOrientationLandscapeLeft UIInterfaceOrientationLandscapeRight";
				LD_RUNPATH_SEARCH_PATHS = (
					"$(inherited)",
					"@executable_path/Frameworks",
				);
				MARKETING_VERSION = 1.0;
				PRODUCT_BUNDLE_IDENTIFIER = com.BrettB.HandySwiftModelsAndData;
				PRODUCT_NAME = "$(TARGET_NAME)";
				SWIFT_EMIT_LOC_STRINGS = YES;
				SWIFT_VERSION = 5.0;
				TARGETED_DEVICE_FAMILY = "1,2";
			};
			name = Release;
		};
/* End XCBuildConfiguration section */

/* Begin XCConfigurationList section */
		57199D702B4F3CE600B90406 /* Build configuration list for PBXProject "HandySwiftModelsAndData" */ = {
			isa = XCConfigurationList;
			buildConfigurations = (
				57199D8A2B4F3CE800B90406 /* Debug */,
				57199D8B2B4F3CE800B90406 /* Release */,
			);
			defaultConfigurationIsVisible = 0;
			defaultConfigurationName = Release;
		};
		57199D8C2B4F3CE800B90406 /* Build configuration list for PBXNativeTarget "HandySwiftModelsAndData" */ = {
			isa = XCConfigurationList;
			buildConfigurations = (
				57199D8D2B4F3CE800B90406 /* Debug */,
				57199D8E2B4F3CE800B90406 /* Release */,
			);
			defaultConfigurationIsVisible = 0;
			defaultConfigurationName = Release;
		};
/* End XCConfigurationList section */

/* Begin XCVersionGroup section */
		57199D812B4F3CE600B90406 /* HandySwiftModelsAndData.xcdatamodeld */ = {
			isa = XCVersionGroup;
			children = (
				57199D822B4F3CE600B90406 /* HandySwiftModelsAndData.xcdatamodel */,
			);
			currentVersion = 57199D822B4F3CE600B90406 /* HandySwiftModelsAndData.xcdatamodel */;
			path = HandySwiftModelsAndData.xcdatamodeld;
			sourceTree = "<group>";
			versionGroupType = wrapper.xcdatamodel;
		};
/* End XCVersionGroup section */
	};
	rootObject = 57199D6D2B4F3CE600B90406 /* Project object */;
}
